
Microsoft Visual Studio Solution File, Format Version 12.00
# Visual Studio 15
VisualStudioVersion = 15.0.28307.645
MinimumVisualStudioVersion = 10.0.40219.1
Project("{FAE04EC0-301F-11D3-BF4B-00C04F79EFBC}") = "CityExperWeb", "CityExperWeb\CityExperWeb.csproj", "{B85A1B28-2348-43D3-8008-86352D4532B6}"
EndProject
Global
	GlobalSection(SolutionConfigurationPlatforms) = preSolution
		Debug|Any CPU = Debug|Any CPU
		Release|Any CPU = Release|Any CPU
	EndGlobalSection
	GlobalSection(ProjectConfigurationPlatforms) = postSolution
		{B85A1B28-2348-43D3-8008-86352D4532B6}.Debug|Any CPU.ActiveCfg = Debug|Any CPU
		{B85A1B28-2348-43D3-8008-86352D4532B6}.Debug|Any CPU.Build.0 = Debug|Any CPU
		{B85A1B28-2348-43D3-8008-86352D4532B6}.Release|Any CPU.ActiveCfg = Release|Any CPU
		{B85A1B28-2348-43D3-8008-86352D4532B6}.Release|Any CPU.Build.0 = Release|Any CPU
	EndGlobalSection
	GlobalSection(SolutionProperties) = preSolution
		HideSolutionNode = FALSE
	EndGlobalSection
	GlobalSection(ExtensibilityGlobals) = postSolution
		SolutionGuid = {123D4C5C-E67B-4231-906F-21960FAC0B55}
	EndGlobalSection
EndGlobal
